
Microsoft Visual Studio Solution File, Format Version 12.00
# Visual Studio Version 17
VisualStudioVersion = 17.0.31903.59
MinimumVisualStudioVersion = 10.0.40219.1
Project("{FAE04EC0-301F-11D3-BF4B-00C04F79EFBC}") = "InterShopAPI", "InterShopAPI\InterShopAPI.csproj", "{C6293FD9-5A69-4739-A597-2B1F7EF06F67}"
EndProject
Project("{2150E333-8FDC-42A3-9474-1A3956D46DE8}") = "AutoMapperProfiles", "AutoMapperProfiles", "{73DEF1BC-1C4D-4791-8090-F57EB26FC2BD}"
	ProjectSection(SolutionItems) = preProject
		InterShopProfiles.cs = InterShopProfiles.cs
	EndProjectSection
EndProject
Global
	GlobalSection(SolutionConfigurationPlatforms) = preSolution
		Debug|Any CPU = Debug|Any CPU
		Release|Any CPU = Release|Any CPU
	EndGlobalSection
	GlobalSection(ProjectConfigurationPlatforms) = postSolution
		{C6293FD9-5A69-4739-A597-2B1F7EF06F67}.Debug|Any CPU.ActiveCfg = Debug|Any CPU
		{C6293FD9-5A69-4739-A597-2B1F7EF06F67}.Debug|Any CPU.Build.0 = Debug|Any CPU
		{C6293FD9-5A69-4739-A597-2B1F7EF06F67}.Release|Any CPU.ActiveCfg = Release|Any CPU
		{C6293FD9-5A69-4739-A597-2B1F7EF06F67}.Release|Any CPU.Build.0 = Release|Any CPU
	EndGlobalSection
	GlobalSection(SolutionProperties) = preSolution
		HideSolutionNode = FALSE
	EndGlobalSection
EndGlobal
